
Microsoft Visual Studio Solution File, Format Version 12.00
# Visual Studio Version 17
VisualStudioVersion = 17.9.34607.119
MinimumVisualStudioVersion = 10.0.40219.1
Project("{FAE04EC0-301F-11D3-BF4B-00C04F79EFBC}") = "BeardDefender_Monogame", "BeardDefender_Monogame\BeardDefender_Monogame.csproj", "{AC7CBD8B-6E27-4355-9A94-9B348145C29A}"
EndProject
Global
	GlobalSection(SolutionConfigurationPlatforms) = preSolution
		Debug|Any CPU = Debug|Any CPU
		Release|Any CPU = Release|Any CPU
	EndGlobalSection
	GlobalSection(ProjectConfigurationPlatforms) = postSolution
		{AC7CBD8B-6E27-4355-9A94-9B348145C29A}.Debug|Any CPU.ActiveCfg = Debug|Any CPU
		{AC7CBD8B-6E27-4355-9A94-9B348145C29A}.Debug|Any CPU.Build.0 = Debug|Any CPU
		{AC7CBD8B-6E27-4355-9A94-9B348145C29A}.Release|Any CPU.ActiveCfg = Release|Any CPU
		{AC7CBD8B-6E27-4355-9A94-9B348145C29A}.Release|Any CPU.Build.0 = Release|Any CPU
	EndGlobalSection
	GlobalSection(SolutionProperties) = preSolution
		HideSolutionNode = FALSE
	EndGlobalSection
	GlobalSection(ExtensibilityGlobals) = postSolution
		SolutionGuid = {679F841F-E6ED-459A-AD64-FF9EC0B79BC2}
	EndGlobalSection
EndGlobal
